
Microsoft Visual Studio Solution File, Format Version 12.00
# Visual Studio Version 16
VisualStudioVersion = 16.0.34729.46
MinimumVisualStudioVersion = 10.0.40219.1
Project("{FAE04EC0-301F-11D3-BF4B-00C04F79EFBC}") = "PMS", "PMS\PMS.csproj", "{D5C520A2-2E45-45A2-9733-46C17B531AC2}"
EndProject
Global
	GlobalSection(SolutionConfigurationPlatforms) = preSolution
		Debug|Any CPU = Debug|Any CPU
		Release|Any CPU = Release|Any CPU
	EndGlobalSection
	GlobalSection(ProjectConfigurationPlatforms) = postSolution
		{D5C520A2-2E45-45A2-9733-46C17B531AC2}.Debug|Any CPU.ActiveCfg = Debug|Any CPU
		{D5C520A2-2E45-45A2-9733-46C17B531AC2}.Debug|Any CPU.Build.0 = Debug|Any CPU
		{D5C520A2-2E45-45A2-9733-46C17B531AC2}.Release|Any CPU.ActiveCfg = Release|Any CPU
		{D5C520A2-2E45-45A2-9733-46C17B531AC2}.Release|Any CPU.Build.0 = Release|Any CPU
	EndGlobalSection
	GlobalSection(SolutionProperties) = preSolution
		HideSolutionNode = FALSE
	EndGlobalSection
	GlobalSection(ExtensibilityGlobals) = postSolution
		SolutionGuid = {E0DEBA2F-46AC-4997-A51B-CA1D24CA4D7E}
	EndGlobalSection
EndGlobal
